<?xml version="1.0" encoding="utf-8"?>
<Project ToolsVersion="4.0" xmlns="http://schemas.microsoft.com/developer/msbuild/2003">
  <ItemGroup>
    <Filter Include="Source Files">
      <UniqueIdentifier>{4FC737F1-C7A5-4376-A066-2A32D752A2FF}</UniqueIdentifier>
      <Extensions>cpp;c;cc;cxx;def;odl;idl;hpj;bat;asm;asmx</Extensions>
    </Filter>
    <Filter Include="Header Files">
      <UniqueIdentifier>{93995380-89BD-4b04-88EB-625FBE52EBFB}</UniqueIdentifier>
      <Extensions>h;hh;hpp;hxx;hm;inl;inc;ipp;xsd</Extensions>
    </Filter>
    <Filter Include="Resource Files">
      <UniqueIdentifier>{67DA6AB6-F800-4c08-8B7A-83BB121AAD01}</UniqueIdentifier>
      <Extensions>rc;ico;cur;bmp;dlg;rc2;rct;bin;rgs;gif;jpg;jpeg;jpe;resx;tiff;tif;png;wav;mfcribbon-ms</Extensions>
    </Filter>
    <Filter Include="Source Files\ParallelPhysics">
      <UniqueIdentifier>{292c1b62-71eb-4a09-86d1-bf22fe0d8e6c}</UniqueIdentifier>
    </Filter>
    <Filter Include="Source Files\NervousSystem">
      <UniqueIdentifier>{7b51e900-6b37-44ff-a8c6-c9aab82ef7e7}</UniqueIdentifier>
    </Filter>
  </ItemGroup>
  <ItemGroup>
    <ClInclude Include="framework.h">
      <Filter>Header Files</Filter>
    </ClInclude>
    <ClInclude Include="targetver.h">
      <Filter>Header Files</Filter>
    </ClInclude>
    <ClInclude Include="Resource.h">
      <Filter>Header Files</Filter>
    </ClInclude>
    <ClInclude Include="DaphniaWinApi.h">
      <Filter>Header Files</Filter>
    </ClInclude>
    <ClInclude Include="ParallelPhysics\PPhHelpers.h">
      <Filter>Source Files\ParallelPhysics</Filter>
    </ClInclude>
    <ClInclude Include="ParallelPhysics\ServerProtocol.h">
      <Filter>Source Files\ParallelPhysics</Filter>
    </ClInclude>
    <ClInclude Include="ParallelPhysics\ObserverClient.h">
      <Filter>Source Files\ParallelPhysics</Filter>
    </ClInclude>
    <ClInclude Include="NervousSystem\NervousSystem.h">
      <Filter>Source Files\NervousSystem</Filter>
    </ClInclude>
  </ItemGroup>
  <ItemGroup>
    <ClCompile Include="DaphniaWinApi.cpp">
      <Filter>Source Files</Filter>
    </ClCompile>
    <ClCompile Include="ParallelPhysics\PPhHelpers.cpp">
      <Filter>Source Files\ParallelPhysics</Filter>
    </ClCompile>
    <ClCompile Include="ParallelPhysics\ObserverClient.cpp">
      <Filter>Source Files\ParallelPhysics</Filter>
    </ClCompile>
    <ClCompile Include="NervousSystem\NervousSystem.cpp">
      <Filter>Source Files\NervousSystem</Filter>
    </ClCompile>
  </ItemGroup>
  <ItemGroup>
    <ResourceCompile Include="DaphniaWinApi.rc">
      <Filter>Resource Files</Filter>
    </ResourceCompile>
  </ItemGroup>
  <ItemGroup>
    <Image Include="small.ico">
      <Filter>Resource Files</Filter>
    </Image>
    <Image Include="DaphniaWinApi.ico">
      <Filter>Resource Files</Filter>
    </Image>
  </ItemGroup>
  <ItemGroup>
    <Media Include="..\Assets\Sounds\bubble_pop.wav">
      <Filter>Resource Files</Filter>
    </Media>
  </ItemGroup>
</Project>